
Microsoft Visual Studio Solution File, Format Version 12.00
# Visual Studio Version 17
VisualStudioVersion = 17.6.33723.286
MinimumVisualStudioVersion = 10.0.40219.1
Project("{FAE04EC0-301F-11D3-BF4B-00C04F79EFBC}") = "DovizKur", "DovizKur\DovizKur.csproj", "{D2C0134C-0955-4002-8A99-F60C91CAFC00}"
EndProject
Global
	GlobalSection(SolutionConfigurationPlatforms) = preSolution
		Debug|Any CPU = Debug|Any CPU
		Release|Any CPU = Release|Any CPU
	EndGlobalSection
	GlobalSection(ProjectConfigurationPlatforms) = postSolution
		{D2C0134C-0955-4002-8A99-F60C91CAFC00}.Debug|Any CPU.ActiveCfg = Debug|Any CPU
		{D2C0134C-0955-4002-8A99-F60C91CAFC00}.Debug|Any CPU.Build.0 = Debug|Any CPU
		{D2C0134C-0955-4002-8A99-F60C91CAFC00}.Release|Any CPU.ActiveCfg = Release|Any CPU
		{D2C0134C-0955-4002-8A99-F60C91CAFC00}.Release|Any CPU.Build.0 = Release|Any CPU
	EndGlobalSection
	GlobalSection(SolutionProperties) = preSolution
		HideSolutionNode = FALSE
	EndGlobalSection
	GlobalSection(ExtensibilityGlobals) = postSolution
		SolutionGuid = {FFF44572-45DD-422A-BBA8-B505C83BEB34}
	EndGlobalSection
EndGlobal
